
Microsoft Visual Studio Solution File, Format Version 12.00
# Visual Studio Version 17
VisualStudioVersion = 17.5.002.0
MinimumVisualStudioVersion = 10.0.40219.1
Project("{9A19103F-16F7-4668-BE54-9A1E7A4F7556}") = "rest_api", "rest_api.csproj", "{9FE02A8A-C08D-4024-A9D9-4945F2110DD1}"
EndProject
Global
	GlobalSection(SolutionConfigurationPlatforms) = preSolution
		Debug|Any CPU = Debug|Any CPU
		Release|Any CPU = Release|Any CPU
	EndGlobalSection
	GlobalSection(ProjectConfigurationPlatforms) = postSolution
		{9FE02A8A-C08D-4024-A9D9-4945F2110DD1}.Debug|Any CPU.ActiveCfg = Debug|Any CPU
		{9FE02A8A-C08D-4024-A9D9-4945F2110DD1}.Debug|Any CPU.Build.0 = Debug|Any CPU
		{9FE02A8A-C08D-4024-A9D9-4945F2110DD1}.Release|Any CPU.ActiveCfg = Release|Any CPU
		{9FE02A8A-C08D-4024-A9D9-4945F2110DD1}.Release|Any CPU.Build.0 = Release|Any CPU
	EndGlobalSection
	GlobalSection(SolutionProperties) = preSolution
		HideSolutionNode = FALSE
	EndGlobalSection
	GlobalSection(ExtensibilityGlobals) = postSolution
		SolutionGuid = {A39A91A3-BC3E-4EA5-A2E6-CEEBA591AA1E}
	EndGlobalSection
EndGlobal
